
Microsoft Visual Studio Solution File, Format Version 12.00
# Visual Studio 14
VisualStudioVersion = 14.0.25420.1
MinimumVisualStudioVersion = 10.0.40219.1
Project("{FAE04EC0-301F-11D3-BF4B-00C04F79EFBC}") = "TSlabScripts.Simple", "src\TSlabScripts.Simple\TSlabScripts.Simple.csproj", "{35BD3E57-14DD-4948-8625-62E8137F507F}"
EndProject
Project("{FAE04EC0-301F-11D3-BF4B-00C04F79EFBC}") = "TSlabScripts.Custom", "src\TSlabScripts.Custom\TSlabScripts.Custom.csproj", "{69985442-0812-47B2-8069-E14296F46BD6}"
EndProject
Project("{FAE04EC0-301F-11D3-BF4B-00C04F79EFBC}") = "TSlabScripts.Simple.Tests", "src\TSlabScripts.Simple.Tests\TSlabScripts.Simple.Tests.csproj", "{61821D8A-9160-4B1C-8703-75827E3EC502}"
EndProject
Global
	GlobalSection(SolutionConfigurationPlatforms) = preSolution
		Debug|Any CPU = Debug|Any CPU
		Release|Any CPU = Release|Any CPU
	EndGlobalSection
	GlobalSection(ProjectConfigurationPlatforms) = postSolution
		{35BD3E57-14DD-4948-8625-62E8137F507F}.Debug|Any CPU.ActiveCfg = Debug|Any CPU
		{35BD3E57-14DD-4948-8625-62E8137F507F}.Debug|Any CPU.Build.0 = Debug|Any CPU
		{35BD3E57-14DD-4948-8625-62E8137F507F}.Release|Any CPU.ActiveCfg = Release|Any CPU
		{35BD3E57-14DD-4948-8625-62E8137F507F}.Release|Any CPU.Build.0 = Release|Any CPU
		{69985442-0812-47B2-8069-E14296F46BD6}.Debug|Any CPU.ActiveCfg = Debug|Any CPU
		{69985442-0812-47B2-8069-E14296F46BD6}.Debug|Any CPU.Build.0 = Debug|Any CPU
		{69985442-0812-47B2-8069-E14296F46BD6}.Release|Any CPU.ActiveCfg = Release|Any CPU
		{69985442-0812-47B2-8069-E14296F46BD6}.Release|Any CPU.Build.0 = Release|Any CPU
		{61821D8A-9160-4B1C-8703-75827E3EC502}.Debug|Any CPU.ActiveCfg = Debug|Any CPU
		{61821D8A-9160-4B1C-8703-75827E3EC502}.Debug|Any CPU.Build.0 = Debug|Any CPU
		{61821D8A-9160-4B1C-8703-75827E3EC502}.Release|Any CPU.ActiveCfg = Release|Any CPU
		{61821D8A-9160-4B1C-8703-75827E3EC502}.Release|Any CPU.Build.0 = Release|Any CPU
	EndGlobalSection
	GlobalSection(SolutionProperties) = preSolution
		HideSolutionNode = FALSE
	EndGlobalSection
EndGlobal
